// !$*UTF8*$!
{
	archiveVersion = 1;
	classes = {
	};
	objectVersion = 46;
	objects = {

/* Begin PBXBuildFile section */
		5F2DF5311DD8B79800AD667D /* ProductCollectionViewCell.swift in Sources */ = {isa = PBXBuildFile; fileRef = 5F2DF52E1DD8B79800AD667D /* ProductCollectionViewCell.swift */; };
		5F2DF5331DD8B79800AD667D /* ProductsCollectionViewController.swift in Sources */ = {isa = PBXBuildFile; fileRef = 5F2DF5301DD8B79800AD667D /* ProductsCollectionViewController.swift */; };
		5F2DF5371DD9C80500AD667D /* CartTableViewCell.swift in Sources */ = {isa = PBXBuildFile; fileRef = 5F2DF5361DD9C80500AD667D /* CartTableViewCell.swift */; };
		5F2DF5391DDA2EE600AD667D /* ProductsCart.swift in Sources */ = {isa = PBXBuildFile; fileRef = 5F2DF5381DDA2EE600AD667D /* ProductsCart.swift */; };
		5F2DF53D1DDBA19300AD667D /* Package.swift in Sources */ = {isa = PBXBuildFile; fileRef = 5F2DF53C1DDBA19300AD667D /* Package.swift */; };
		5F2DF5451DDCB0B500AD667D /* Main.storyboard in Resources */ = {isa = PBXBuildFile; fileRef = 5F2DF5441DDCB0B500AD667D /* Main.storyboard */; };
		5F2DF5491DDCE1CF00AD667D /* CartViewController.swift in Sources */ = {isa = PBXBuildFile; fileRef = 5F2DF5481DDCE1CF00AD667D /* CartViewController.swift */; };
		5F2DF54F1DDCF32100AD667D /* HistoryTableViewController.swift in Sources */ = {isa = PBXBuildFile; fileRef = 5F2DF54E1DDCF32100AD667D /* HistoryTableViewController.swift */; };
		5F2DF5511DDCF33400AD667D /* HistoryTableViewCell.swift in Sources */ = {isa = PBXBuildFile; fileRef = 5F2DF5501DDCF33400AD667D /* HistoryTableViewCell.swift */; };
		5F2DF5571DDE1B2C00AD667D /* PurchaseHistory.swift in Sources */ = {isa = PBXBuildFile; fileRef = 5F2DF5561DDE1B2C00AD667D /* PurchaseHistory.swift */; };
		5F6B50511DE44820005052E3 /* Currency.swift in Sources */ = {isa = PBXBuildFile; fileRef = 5F6B504D1DE44820005052E3 /* Currency.swift */; };
		5F6B50521DE44820005052E3 /* CurrencyStorage.swift in Sources */ = {isa = PBXBuildFile; fileRef = 5F6B504E1DE44820005052E3 /* CurrencyStorage.swift */; };
		5F6B50531DE44820005052E3 /* CurrencyTableViewCell.swift in Sources */ = {isa = PBXBuildFile; fileRef = 5F6B504F1DE44820005052E3 /* CurrencyTableViewCell.swift */; };
		5F6B50541DE44820005052E3 /* CurrencyTableViewController.swift in Sources */ = {isa = PBXBuildFile; fileRef = 5F6B50501DE44820005052E3 /* CurrencyTableViewController.swift */; };
		5F6B50581DE44A0B005052E3 /* APIManager.swift in Sources */ = {isa = PBXBuildFile; fileRef = 5F6B50571DE44A0B005052E3 /* APIManager.swift */; };
		5F6E0EFE1DF032AD001EA67C /* Storyboards.swift in Sources */ = {isa = PBXBuildFile; fileRef = 5F6E0EFD1DF032AD001EA67C /* Storyboards.swift */; };
		5F788DB81DDF0831005CCB1E /* PackageDatabaseService.swift in Sources */ = {isa = PBXBuildFile; fileRef = 5F788DB71DDF0831005CCB1E /* PackageDatabaseService.swift */; };
		5F9C94081DE5F1B900C05665 /* CurrencyStorageTests.swift in Sources */ = {isa = PBXBuildFile; fileRef = 5F9C94071DE5F1B900C05665 /* CurrencyStorageTests.swift */; };
		5F9C94121DE5F41200C05665 /* CurrencyTest.swift in Sources */ = {isa = PBXBuildFile; fileRef = 5F9C94111DE5F41200C05665 /* CurrencyTest.swift */; };
		5F9C94141DE5F83F00C05665 /* NetworkError.swift in Sources */ = {isa = PBXBuildFile; fileRef = 5F9C94131DE5F83F00C05665 /* NetworkError.swift */; };
		5F9C94161DE5F86000C05665 /* Types.swift in Sources */ = {isa = PBXBuildFile; fileRef = 5F9C94151DE5F86000C05665 /* Types.swift */; };
		5F9C941B1DE603C200C05665 /* PurchaseTests.swift in Sources */ = {isa = PBXBuildFile; fileRef = 5F9C941A1DE603C200C05665 /* PurchaseTests.swift */; };
		5F9C941D1DE60AD300C05665 /* DatabaseServiceTests.swift in Sources */ = {isa = PBXBuildFile; fileRef = 5F9C941C1DE60AD300C05665 /* DatabaseServiceTests.swift */; };
		5F9C94211DE6189000C05665 /* ProductTests.swift in Sources */ = {isa = PBXBuildFile; fileRef = 5F9C94201DE6189000C05665 /* ProductTests.swift */; };
		5FA4919D1DD63A7E0078BE41 /* AppDelegate.swift in Sources */ = {isa = PBXBuildFile; fileRef = 5FA4919C1DD63A7E0078BE41 /* AppDelegate.swift */; };
		5FA491A41DD63A7E0078BE41 /* Assets.xcassets in Resources */ = {isa = PBXBuildFile; fileRef = 5FA491A31DD63A7E0078BE41 /* Assets.xcassets */; };
		5FA491A71DD63A7E0078BE41 /* LaunchScreen.storyboard in Resources */ = {isa = PBXBuildFile; fileRef = 5FA491A51DD63A7E0078BE41 /* LaunchScreen.storyboard */; };
		5FA491B41DD63B5A0078BE41 /* DatabaseManagable.swift in Sources */ = {isa = PBXBuildFile; fileRef = 5FA491AF1DD63B5A0078BE41 /* DatabaseManagable.swift */; };
		5FA491B51DD63B5A0078BE41 /* DatabaseService.swift in Sources */ = {isa = PBXBuildFile; fileRef = 5FA491B01DD63B5A0078BE41 /* DatabaseService.swift */; };
		5FA491B61DD63B5A0078BE41 /* Extension.swift in Sources */ = {isa = PBXBuildFile; fileRef = 5FA491B11DD63B5A0078BE41 /* Extension.swift */; };
		5FA491B71DD63B5A0078BE41 /* Product.swift in Sources */ = {isa = PBXBuildFile; fileRef = 5FA491B21DD63B5A0078BE41 /* Product.swift */; };
		5FA491B81DD63B5A0078BE41 /* Purchase.swift in Sources */ = {isa = PBXBuildFile; fileRef = 5FA491B31DD63B5A0078BE41 /* Purchase.swift */; };
		5FA491BA1DD63BFA0078BE41 /* PokupalshikDB.db in Resources */ = {isa = PBXBuildFile; fileRef = 5FA491B91DD63B850078BE41 /* PokupalshikDB.db */; };
		5FBDD26A1DEDA8D400997739 /* AppCoordinator.swift in Sources */ = {isa = PBXBuildFile; fileRef = 5FBDD2691DEDA8D400997739 /* AppCoordinator.swift */; };
		5FBDD26E1DEDA90E00997739 /* ProductsListCoordinator.swift in Sources */ = {isa = PBXBuildFile; fileRef = 5FBDD26D1DEDA90E00997739 /* ProductsListCoordinator.swift */; };
		5FBDD2701DEDA91D00997739 /* HistoryCoordinator.swift in Sources */ = {isa = PBXBuildFile; fileRef = 5FBDD26F1DEDA91D00997739 /* HistoryCoordinator.swift */; };
		5FBDD2721DEDAAE400997739 /* CoordinatorProtocol.swift in Sources */ = {isa = PBXBuildFile; fileRef = 5FBDD2711DEDAAE400997739 /* CoordinatorProtocol.swift */; };
		5FBDD2761DEDCA4300997739 /* CurrencyCoordinator.swift in Sources */ = {isa = PBXBuildFile; fileRef = 5FBDD2751DEDCA4300997739 /* CurrencyCoordinator.swift */; };
		5FBDD2781DEDCA5300997739 /* CartCoordinator.swift in Sources */ = {isa = PBXBuildFile; fileRef = 5FBDD2771DEDCA5300997739 /* CartCoordinator.swift */; };
		5FF665771DE5AA0E00DA71E8 /* Decodable.swift in Sources */ = {isa = PBXBuildFile; fileRef = 5FF665761DE5AA0E00DA71E8 /* Decodable.swift */; };
		5FF665791DE5BB6D00DA71E8 /* Encodable.swift in Sources */ = {isa = PBXBuildFile; fileRef = 5FF665781DE5BB6D00DA71E8 /* Encodable.swift */; };
		E02465B6CD8C4DE87727EEB2 /* Pods_Pokupalshik.framework in Frameworks */ = {isa = PBXBuildFile; fileRef = 1F17656464689386910180B9 /* Pods_Pokupalshik.framework */; };
/* End PBXBuildFile section */

/* Begin PBXContainerItemProxy section */
		5F9C940A1DE5F1B900C05665 /* PBXContainerItemProxy */ = {
			isa = PBXContainerItemProxy;
			containerPortal = 5FA491911DD63A7E0078BE41 /* Project object */;
			proxyType = 1;
			remoteGlobalIDString = 5FA491981DD63A7E0078BE41;
			remoteInfo = Pokupalshik;
		};
/* End PBXContainerItemProxy section */

/* Begin PBXFileReference section */
		1F17656464689386910180B9 /* Pods_Pokupalshik.framework */ = {isa = PBXFileReference; explicitFileType = wrapper.framework; includeInIndex = 0; path = Pods_Pokupalshik.framework; sourceTree = BUILT_PRODUCTS_DIR; };
		5F2DF52E1DD8B79800AD667D /* ProductCollectionViewCell.swift */ = {isa = PBXFileReference; fileEncoding = 4; lastKnownFileType = sourcecode.swift; path = ProductCollectionViewCell.swift; sourceTree = "<group>"; };
		5F2DF5301DD8B79800AD667D /* ProductsCollectionViewController.swift */ = {isa = PBXFileReference; fileEncoding = 4; lastKnownFileType = sourcecode.swift; path = ProductsCollectionViewController.swift; sourceTree = "<group>"; };
		5F2DF5361DD9C80500AD667D /* CartTableViewCell.swift */ = {isa = PBXFileReference; fileEncoding = 4; lastKnownFileType = sourcecode.swift; path = CartTableViewCell.swift; sourceTree = "<group>"; };
		5F2DF5381DDA2EE600AD667D /* ProductsCart.swift */ = {isa = PBXFileReference; fileEncoding = 4; lastKnownFileType = sourcecode.swift; path = ProductsCart.swift; sourceTree = "<group>"; };
		5F2DF53C1DDBA19300AD667D /* Package.swift */ = {isa = PBXFileReference; fileEncoding = 4; lastKnownFileType = sourcecode.swift; path = Package.swift; sourceTree = "<group>"; };
		5F2DF5441DDCB0B500AD667D /* Main.storyboard */ = {isa = PBXFileReference; fileEncoding = 4; lastKnownFileType = file.storyboard; path = Main.storyboard; sourceTree = "<group>"; };
		5F2DF5481DDCE1CF00AD667D /* CartViewController.swift */ = {isa = PBXFileReference; fileEncoding = 4; lastKnownFileType = sourcecode.swift; path = CartViewController.swift; sourceTree = "<group>"; };
		5F2DF54E1DDCF32100AD667D /* HistoryTableViewController.swift */ = {isa = PBXFileReference; fileEncoding = 4; lastKnownFileType = sourcecode.swift; path = HistoryTableViewController.swift; sourceTree = "<group>"; };
		5F2DF5501DDCF33400AD667D /* HistoryTableViewCell.swift */ = {isa = PBXFileReference; fileEncoding = 4; lastKnownFileType = sourcecode.swift; path = HistoryTableViewCell.swift; sourceTree = "<group>"; };
		5F2DF5561DDE1B2C00AD667D /* PurchaseHistory.swift */ = {isa = PBXFileReference; fileEncoding = 4; lastKnownFileType = sourcecode.swift; path = PurchaseHistory.swift; sourceTree = "<group>"; };
		5F6B504D1DE44820005052E3 /* Currency.swift */ = {isa = PBXFileReference; fileEncoding = 4; lastKnownFileType = sourcecode.swift; path = Currency.swift; sourceTree = "<group>"; };
		5F6B504E1DE44820005052E3 /* CurrencyStorage.swift */ = {isa = PBXFileReference; fileEncoding = 4; lastKnownFileType = sourcecode.swift; path = CurrencyStorage.swift; sourceTree = "<group>"; };
		5F6B504F1DE44820005052E3 /* CurrencyTableViewCell.swift */ = {isa = PBXFileReference; fileEncoding = 4; lastKnownFileType = sourcecode.swift; path = CurrencyTableViewCell.swift; sourceTree = "<group>"; };
		5F6B50501DE44820005052E3 /* CurrencyTableViewController.swift */ = {isa = PBXFileReference; fileEncoding = 4; lastKnownFileType = sourcecode.swift; path = CurrencyTableViewController.swift; sourceTree = "<group>"; };
		5F6B50571DE44A0B005052E3 /* APIManager.swift */ = {isa = PBXFileReference; fileEncoding = 4; lastKnownFileType = sourcecode.swift; path = APIManager.swift; sourceTree = "<group>"; };
		5F6E0EFD1DF032AD001EA67C /* Storyboards.swift */ = {isa = PBXFileReference; fileEncoding = 4; lastKnownFileType = sourcecode.swift; path = Storyboards.swift; sourceTree = "<group>"; };
		5F788DB71DDF0831005CCB1E /* PackageDatabaseService.swift */ = {isa = PBXFileReference; fileEncoding = 4; lastKnownFileType = sourcecode.swift; path = PackageDatabaseService.swift; sourceTree = "<group>"; };
		5F9C94051DE5F1B900C05665 /* PokupalshikTests.xctest */ = {isa = PBXFileReference; explicitFileType = wrapper.cfbundle; includeInIndex = 0; path = PokupalshikTests.xctest; sourceTree = BUILT_PRODUCTS_DIR; };
		5F9C94071DE5F1B900C05665 /* CurrencyStorageTests.swift */ = {isa = PBXFileReference; lastKnownFileType = sourcecode.swift; path = CurrencyStorageTests.swift; sourceTree = "<group>"; };
		5F9C94091DE5F1B900C05665 /* Info.plist */ = {isa = PBXFileReference; lastKnownFileType = text.plist.xml; path = Info.plist; sourceTree = "<group>"; };
		5F9C94111DE5F41200C05665 /* CurrencyTest.swift */ = {isa = PBXFileReference; fileEncoding = 4; lastKnownFileType = sourcecode.swift; path = CurrencyTest.swift; sourceTree = "<group>"; };
		5F9C94131DE5F83F00C05665 /* NetworkError.swift */ = {isa = PBXFileReference; fileEncoding = 4; lastKnownFileType = sourcecode.swift; path = NetworkError.swift; sourceTree = "<group>"; };
		5F9C94151DE5F86000C05665 /* Types.swift */ = {isa = PBXFileReference; fileEncoding = 4; lastKnownFileType = sourcecode.swift; path = Types.swift; sourceTree = "<group>"; };
		5F9C941A1DE603C200C05665 /* PurchaseTests.swift */ = {isa = PBXFileReference; fileEncoding = 4; lastKnownFileType = sourcecode.swift; path = PurchaseTests.swift; sourceTree = "<group>"; };
		5F9C941C1DE60AD300C05665 /* DatabaseServiceTests.swift */ = {isa = PBXFileReference; fileEncoding = 4; lastKnownFileType = sourcecode.swift; path = DatabaseServiceTests.swift; sourceTree = "<group>"; };
		5F9C94201DE6189000C05665 /* ProductTests.swift */ = {isa = PBXFileReference; fileEncoding = 4; lastKnownFileType = sourcecode.swift; path = ProductTests.swift; sourceTree = "<group>"; };
		5FA491991DD63A7E0078BE41 /* Pokupalshik.app */ = {isa = PBXFileReference; explicitFileType = wrapper.application; includeInIndex = 0; path = Pokupalshik.app; sourceTree = BUILT_PRODUCTS_DIR; };
		5FA4919C1DD63A7E0078BE41 /* AppDelegate.swift */ = {isa = PBXFileReference; lastKnownFileType = sourcecode.swift; path = AppDelegate.swift; sourceTree = "<group>"; };
		5FA491A31DD63A7E0078BE41 /* Assets.xcassets */ = {isa = PBXFileReference; lastKnownFileType = folder.assetcatalog; path = Assets.xcassets; sourceTree = "<group>"; };
		5FA491A61DD63A7E0078BE41 /* Base */ = {isa = PBXFileReference; lastKnownFileType = file.storyboard; name = Base; path = Base.lproj/LaunchScreen.storyboard; sourceTree = "<group>"; };
		5FA491A81DD63A7E0078BE41 /* Info.plist */ = {isa = PBXFileReference; lastKnownFileType = text.plist.xml; path = Info.plist; sourceTree = "<group>"; };
		5FA491AF1DD63B5A0078BE41 /* DatabaseManagable.swift */ = {isa = PBXFileReference; fileEncoding = 4; lastKnownFileType = sourcecode.swift; path = DatabaseManagable.swift; sourceTree = "<group>"; };
		5FA491B01DD63B5A0078BE41 /* DatabaseService.swift */ = {isa = PBXFileReference; fileEncoding = 4; lastKnownFileType = sourcecode.swift; path = DatabaseService.swift; sourceTree = "<group>"; };
		5FA491B11DD63B5A0078BE41 /* Extension.swift */ = {isa = PBXFileReference; fileEncoding = 4; lastKnownFileType = sourcecode.swift; path = Extension.swift; sourceTree = "<group>"; };
		5FA491B21DD63B5A0078BE41 /* Product.swift */ = {isa = PBXFileReference; fileEncoding = 4; lastKnownFileType = sourcecode.swift; path = Product.swift; sourceTree = "<group>"; };
		5FA491B31DD63B5A0078BE41 /* Purchase.swift */ = {isa = PBXFileReference; fileEncoding = 4; lastKnownFileType = sourcecode.swift; path = Purchase.swift; sourceTree = "<group>"; };
		5FA491B91DD63B850078BE41 /* PokupalshikDB.db */ = {isa = PBXFileReference; lastKnownFileType = file; path = PokupalshikDB.db; sourceTree = "<group>"; };
		5FBDD2691DEDA8D400997739 /* AppCoordinator.swift */ = {isa = PBXFileReference; fileEncoding = 4; lastKnownFileType = sourcecode.swift; path = AppCoordinator.swift; sourceTree = "<group>"; };
		5FBDD26D1DEDA90E00997739 /* ProductsListCoordinator.swift */ = {isa = PBXFileReference; fileEncoding = 4; lastKnownFileType = sourcecode.swift; path = ProductsListCoordinator.swift; sourceTree = "<group>"; };
		5FBDD26F1DEDA91D00997739 /* HistoryCoordinator.swift */ = {isa = PBXFileReference; fileEncoding = 4; lastKnownFileType = sourcecode.swift; path = HistoryCoordinator.swift; sourceTree = "<group>"; };
		5FBDD2711DEDAAE400997739 /* CoordinatorProtocol.swift */ = {isa = PBXFileReference; fileEncoding = 4; lastKnownFileType = sourcecode.swift; path = CoordinatorProtocol.swift; sourceTree = "<group>"; };
		5FBDD2751DEDCA4300997739 /* CurrencyCoordinator.swift */ = {isa = PBXFileReference; fileEncoding = 4; lastKnownFileType = sourcecode.swift; path = CurrencyCoordinator.swift; sourceTree = "<group>"; };
		5FBDD2771DEDCA5300997739 /* CartCoordinator.swift */ = {isa = PBXFileReference; fileEncoding = 4; lastKnownFileType = sourcecode.swift; path = CartCoordinator.swift; sourceTree = "<group>"; };
		5FF665761DE5AA0E00DA71E8 /* Decodable.swift */ = {isa = PBXFileReference; fileEncoding = 4; lastKnownFileType = sourcecode.swift; path = Decodable.swift; sourceTree = "<group>"; };
		5FF665781DE5BB6D00DA71E8 /* Encodable.swift */ = {isa = PBXFileReference; fileEncoding = 4; lastKnownFileType = sourcecode.swift; path = Encodable.swift; sourceTree = "<group>"; };
		68B41B561B184ABC4D929165 /* Pods-Pokupalshik.release.xcconfig */ = {isa = PBXFileReference; includeInIndex = 1; lastKnownFileType = text.xcconfig; name = "Pods-Pokupalshik.release.xcconfig"; path = "Pods/Target Support Files/Pods-Pokupalshik/Pods-Pokupalshik.release.xcconfig"; sourceTree = "<group>"; };
		8AF5C7A7C250FE13AB981FDE /* Pods-Pokupalshik.debug.xcconfig */ = {isa = PBXFileReference; includeInIndex = 1; lastKnownFileType = text.xcconfig; name = "Pods-Pokupalshik.debug.xcconfig"; path = "Pods/Target Support Files/Pods-Pokupalshik/Pods-Pokupalshik.debug.xcconfig"; sourceTree = "<group>"; };
/* End PBXFileReference section */

/* Begin PBXFrameworksBuildPhase section */
		5F9C94021DE5F1B900C05665 /* Frameworks */ = {
			isa = PBXFrameworksBuildPhase;
			buildActionMask = 2147483647;
			files = (
			);
			runOnlyForDeploymentPostprocessing = 0;
		};
		5FA491961DD63A7E0078BE41 /* Frameworks */ = {
			isa = PBXFrameworksBuildPhase;
			buildActionMask = 2147483647;
			files = (
				E02465B6CD8C4DE87727EEB2 /* Pods_Pokupalshik.framework in Frameworks */,
			);
			runOnlyForDeploymentPostprocessing = 0;
		};
/* End PBXFrameworksBuildPhase section */

/* Begin PBXGroup section */
		5F2DF53E1DDC70EA00AD667D /* Cart */ = {
			isa = PBXGroup;
			children = (
				5F2DF5481DDCE1CF00AD667D /* CartViewController.swift */,
				5F2DF5361DD9C80500AD667D /* CartTableViewCell.swift */,
				5F2DF5381DDA2EE600AD667D /* ProductsCart.swift */,
				5FBDD2771DEDCA5300997739 /* CartCoordinator.swift */,
			);
			name = Cart;
			sourceTree = "<group>";
		};
		5F2DF53F1DDC711D00AD667D /* History */ = {
			isa = PBXGroup;
			children = (
				5F2DF54E1DDCF32100AD667D /* HistoryTableViewController.swift */,
				5F2DF5501DDCF33400AD667D /* HistoryTableViewCell.swift */,
				5FBDD26F1DEDA91D00997739 /* HistoryCoordinator.swift */,
				5F2DF5561DDE1B2C00AD667D /* PurchaseHistory.swift */,
			);
			name = History;
			sourceTree = "<group>";
		};
		5F6B504B1DE44805005052E3 /* Currency */ = {
			isa = PBXGroup;
			children = (
				5FBDD2751DEDCA4300997739 /* CurrencyCoordinator.swift */,
				5F6B50501DE44820005052E3 /* CurrencyTableViewController.swift */,
				5F6B504F1DE44820005052E3 /* CurrencyTableViewCell.swift */,
				5F6B504E1DE44820005052E3 /* CurrencyStorage.swift */,
				5F6B504D1DE44820005052E3 /* Currency.swift */,
				5F6B504C1DE4480F005052E3 /* API */,
			);
			name = Currency;
			sourceTree = "<group>";
		};
		5F6B504C1DE4480F005052E3 /* API */ = {
			isa = PBXGroup;
			children = (
				5FF665761DE5AA0E00DA71E8 /* Decodable.swift */,
				5FF665781DE5BB6D00DA71E8 /* Encodable.swift */,
				5F6B50571DE44A0B005052E3 /* APIManager.swift */,
				5F9C94151DE5F86000C05665 /* Types.swift */,
				5F9C94131DE5F83F00C05665 /* NetworkError.swift */,
			);
			name = API;
			sourceTree = "<group>";
		};
		5F9C94061DE5F1B900C05665 /* PokupalshikTests */ = {
			isa = PBXGroup;
			children = (
				5F9C94111DE5F41200C05665 /* CurrencyTest.swift */,
				5F9C94071DE5F1B900C05665 /* CurrencyStorageTests.swift */,
				5F9C941C1DE60AD300C05665 /* DatabaseServiceTests.swift */,
				5F9C941A1DE603C200C05665 /* PurchaseTests.swift */,
				5F9C94201DE6189000C05665 /* ProductTests.swift */,
				5F9C94091DE5F1B900C05665 /* Info.plist */,
			);
			path = PokupalshikTests;
			sourceTree = "<group>";
		};
		5FA491901DD63A7E0078BE41 = {
			isa = PBXGroup;
			children = (
				5FA4919B1DD63A7E0078BE41 /* Pokupalshik */,
				5F9C94061DE5F1B900C05665 /* PokupalshikTests */,
				5FA4919A1DD63A7E0078BE41 /* Products */,
				D5EF2B97A7762928F0DACF0F /* Pods */,
				778216E6834EBF1415F9449C /* Frameworks */,
			);
			sourceTree = "<group>";
		};
		5FA4919A1DD63A7E0078BE41 /* Products */ = {
			isa = PBXGroup;
			children = (
				5FA491991DD63A7E0078BE41 /* Pokupalshik.app */,
				5F9C94051DE5F1B900C05665 /* PokupalshikTests.xctest */,
			);
			name = Products;
			sourceTree = "<group>";
		};
		5FA4919B1DD63A7E0078BE41 /* Pokupalshik */ = {
			isa = PBXGroup;
			children = (
				5FA491BB1DD63C0C0078BE41 /* SupportFiles */,
				5F6B504B1DE44805005052E3 /* Currency */,
				5FA491C01DD641DC0078BE41 /* ProductsList */,
				5F2DF53E1DDC70EA00AD667D /* Cart */,
				5F2DF53F1DDC711D00AD667D /* History */,
				5FA491AE1DD63B4C0078BE41 /* Database */,
			);
			path = Pokupalshik;
			sourceTree = "<group>";
		};
		5FA491AE1DD63B4C0078BE41 /* Database */ = {
			isa = PBXGroup;
			children = (
				5FA491B91DD63B850078BE41 /* PokupalshikDB.db */,
				5FA491AF1DD63B5A0078BE41 /* DatabaseManagable.swift */,
				5FA491B01DD63B5A0078BE41 /* DatabaseService.swift */,
				5F788DB71DDF0831005CCB1E /* PackageDatabaseService.swift */,
				5FA491B21DD63B5A0078BE41 /* Product.swift */,
				5FA491B31DD63B5A0078BE41 /* Purchase.swift */,
				5F2DF53C1DDBA19300AD667D /* Package.swift */,
			);
			name = Database;
			sourceTree = "<group>";
		};
		5FA491BB1DD63C0C0078BE41 /* SupportFiles */ = {
			isa = PBXGroup;
			children = (
				5FA4919C1DD63A7E0078BE41 /* AppDelegate.swift */,
				5F2DF5441DDCB0B500AD667D /* Main.storyboard */,
				5FBDD2691DEDA8D400997739 /* AppCoordinator.swift */,
				5FBDD2711DEDAAE400997739 /* CoordinatorProtocol.swift */,
				5F6E0EFD1DF032AD001EA67C /* Storyboards.swift */,
				5FA491B11DD63B5A0078BE41 /* Extension.swift */,
				5FA491A31DD63A7E0078BE41 /* Assets.xcassets */,
				5FA491A51DD63A7E0078BE41 /* LaunchScreen.storyboard */,
				5FA491A81DD63A7E0078BE41 /* Info.plist */,
			);
			name = SupportFiles;
			sourceTree = "<group>";
		};
		5FA491C01DD641DC0078BE41 /* ProductsList */ = {
			isa = PBXGroup;
			children = (
				5F2DF5301DD8B79800AD667D /* ProductsCollectionViewController.swift */,
				5F2DF52E1DD8B79800AD667D /* ProductCollectionViewCell.swift */,
				5FBDD26D1DEDA90E00997739 /* ProductsListCoordinator.swift */,
			);
			name = ProductsList;
			sourceTree = "<group>";
		};
		778216E6834EBF1415F9449C /* Frameworks */ = {
			isa = PBXGroup;
			children = (
				1F17656464689386910180B9 /* Pods_Pokupalshik.framework */,
			);
			name = Frameworks;
			sourceTree = "<group>";
		};
		D5EF2B97A7762928F0DACF0F /* Pods */ = {
			isa = PBXGroup;
			children = (
				8AF5C7A7C250FE13AB981FDE /* Pods-Pokupalshik.debug.xcconfig */,
				68B41B561B184ABC4D929165 /* Pods-Pokupalshik.release.xcconfig */,
			);
			name = Pods;
			sourceTree = "<group>";
		};
/* End PBXGroup section */

/* Begin PBXNativeTarget section */
		5F9C94041DE5F1B900C05665 /* PokupalshikTests */ = {
			isa = PBXNativeTarget;
			buildConfigurationList = 5F9C940C1DE5F1B900C05665 /* Build configuration list for PBXNativeTarget "PokupalshikTests" */;
			buildPhases = (
				5F9C94011DE5F1B900C05665 /* Sources */,
				5F9C94021DE5F1B900C05665 /* Frameworks */,
				5F9C94031DE5F1B900C05665 /* Resources */,
			);
			buildRules = (
			);
			dependencies = (
				5F9C940B1DE5F1B900C05665 /* PBXTargetDependency */,
			);
			name = PokupalshikTests;
			productName = PokupalshikTests;
			productReference = 5F9C94051DE5F1B900C05665 /* PokupalshikTests.xctest */;
			productType = "com.apple.product-type.bundle.unit-test";
		};
		5FA491981DD63A7E0078BE41 /* Pokupalshik */ = {
			isa = PBXNativeTarget;
			buildConfigurationList = 5FA491AB1DD63A7E0078BE41 /* Build configuration list for PBXNativeTarget "Pokupalshik" */;
			buildPhases = (
				5F6E0EFC1DF02B2E001EA67C /* SwiftGen */,
				4045770D2F08715C73179819 /* [CP] Check Pods Manifest.lock */,
				5FA491951DD63A7E0078BE41 /* Sources */,
				5FA491961DD63A7E0078BE41 /* Frameworks */,
				5FA491971DD63A7E0078BE41 /* Resources */,
				6778F9E14CA4285B7FE952B4 /* [CP] Embed Pods Frameworks */,
				23DB70A37FF09D6653D2FCF5 /* [CP] Copy Pods Resources */,
			);
			buildRules = (
			);
			dependencies = (
			);
			name = Pokupalshik;
			productName = Pokupalshik;
			productReference = 5FA491991DD63A7E0078BE41 /* Pokupalshik.app */;
			productType = "com.apple.product-type.application";
		};
/* End PBXNativeTarget section */

/* Begin PBXProject section */
		5FA491911DD63A7E0078BE41 /* Project object */ = {
			isa = PBXProject;
			attributes = {
				LastSwiftUpdateCheck = 0810;
				LastUpgradeCheck = 0810;
				ORGANIZATIONNAME = "Roman Dmitrieivich";
				TargetAttributes = {
					5F9C94041DE5F1B900C05665 = {
						CreatedOnToolsVersion = 8.1;
						LastSwiftMigration = 0810;
						ProvisioningStyle = Automatic;
						TestTargetID = 5FA491981DD63A7E0078BE41;
					};
					5FA491981DD63A7E0078BE41 = {
						CreatedOnToolsVersion = 8.1;
						DevelopmentTeam = 29286X6DM7;
						LastSwiftMigration = 0810;
						ProvisioningStyle = Automatic;
					};
				};
			};
			buildConfigurationList = 5FA491941DD63A7E0078BE41 /* Build configuration list for PBXProject "Pokupalshik" */;
			compatibilityVersion = "Xcode 3.2";
			developmentRegion = English;
			hasScannedForEncodings = 0;
			knownRegions = (
				en,
				Base,
			);
			mainGroup = 5FA491901DD63A7E0078BE41;
			productRefGroup = 5FA4919A1DD63A7E0078BE41 /* Products */;
			projectDirPath = "";
			projectRoot = "";
			targets = (
				5FA491981DD63A7E0078BE41 /* Pokupalshik */,
				5F9C94041DE5F1B900C05665 /* PokupalshikTests */,
			);
		};
/* End PBXProject section */

/* Begin PBXResourcesBuildPhase section */
		5F9C94031DE5F1B900C05665 /* Resources */ = {
			isa = PBXResourcesBuildPhase;
			buildActionMask = 2147483647;
			files = (
			);
			runOnlyForDeploymentPostprocessing = 0;
		};
		5FA491971DD63A7E0078BE41 /* Resources */ = {
			isa = PBXResourcesBuildPhase;
			buildActionMask = 2147483647;
			files = (
				5FA491BA1DD63BFA0078BE41 /* PokupalshikDB.db in Resources */,
				5FA491A71DD63A7E0078BE41 /* LaunchScreen.storyboard in Resources */,
				5FA491A41DD63A7E0078BE41 /* Assets.xcassets in Resources */,
				5F2DF5451DDCB0B500AD667D /* Main.storyboard in Resources */,
			);
			runOnlyForDeploymentPostprocessing = 0;
		};
/* End PBXResourcesBuildPhase section */

/* Begin PBXShellScriptBuildPhase section */
		23DB70A37FF09D6653D2FCF5 /* [CP] Copy Pods Resources */ = {
			isa = PBXShellScriptBuildPhase;
			buildActionMask = 2147483647;
			files = (
			);
			inputPaths = (
			);
			name = "[CP] Copy Pods Resources";
			outputPaths = (
			);
			runOnlyForDeploymentPostprocessing = 0;
			shellPath = /bin/sh;
			shellScript = "\"${SRCROOT}/Pods/Target Support Files/Pods-Pokupalshik/Pods-Pokupalshik-resources.sh\"\n";
			showEnvVarsInLog = 0;
		};
		4045770D2F08715C73179819 /* [CP] Check Pods Manifest.lock */ = {
			isa = PBXShellScriptBuildPhase;
			buildActionMask = 2147483647;
			files = (
			);
			inputPaths = (
			);
			name = "[CP] Check Pods Manifest.lock";
			outputPaths = (
			);
			runOnlyForDeploymentPostprocessing = 0;
			shellPath = /bin/sh;
			shellScript = "diff \"${PODS_ROOT}/../Podfile.lock\" \"${PODS_ROOT}/Manifest.lock\" > /dev/null\nif [[ $? != 0 ]] ; then\n    cat << EOM\nerror: The sandbox is not in sync with the Podfile.lock. Run 'pod install' or update your CocoaPods installation.\nEOM\n    exit 1\nfi\n";
			showEnvVarsInLog = 0;
		};
		5F6E0EFC1DF02B2E001EA67C /* SwiftGen */ = {
			isa = PBXShellScriptBuildPhase;
			buildActionMask = 8;
			files = (
			);
			inputPaths = (
			);
			name = SwiftGen;
			outputPaths = (
			);
			runOnlyForDeploymentPostprocessing = 1;
			shellPath = /bin/sh;
			shellScript = "swiftgen storyboards --output $TARGET_NAME/Storyboards.swift .\nif [[ $? != 0 ]] ; then\ncat << EOM\nerror: Failed to run the swiftgen command. If you do not have swiftgen installed, you can install it via homebrew:\n\n$ brew update\n$ brew install swiftgen\n\nFor more information, visit 'https://github.com/AliSoftware/SwiftGen'.\nEOM\nexit 1\nfi";
		};
		6778F9E14CA4285B7FE952B4 /* [CP] Embed Pods Frameworks */ = {
			isa = PBXShellScriptBuildPhase;
			buildActionMask = 2147483647;
			files = (
			);
			inputPaths = (
			);
			name = "[CP] Embed Pods Frameworks";
			outputPaths = (
			);
			runOnlyForDeploymentPostprocessing = 0;
			shellPath = /bin/sh;
			shellScript = "\"${SRCROOT}/Pods/Target Support Files/Pods-Pokupalshik/Pods-Pokupalshik-frameworks.sh\"\n";
			showEnvVarsInLog = 0;
		};
/* End PBXShellScriptBuildPhase section */

/* Begin PBXSourcesBuildPhase section */
		5F9C94011DE5F1B900C05665 /* Sources */ = {
			isa = PBXSourcesBuildPhase;
			buildActionMask = 2147483647;
			files = (
				5F9C941D1DE60AD300C05665 /* DatabaseServiceTests.swift in Sources */,
				5F9C941B1DE603C200C05665 /* PurchaseTests.swift in Sources */,
				5F9C94121DE5F41200C05665 /* CurrencyTest.swift in Sources */,
				5F9C94081DE5F1B900C05665 /* CurrencyStorageTests.swift in Sources */,
				5F9C94211DE6189000C05665 /* ProductTests.swift in Sources */,
			);
			runOnlyForDeploymentPostprocessing = 0;
		};
		5FA491951DD63A7E0078BE41 /* Sources */ = {
			isa = PBXSourcesBuildPhase;
			buildActionMask = 2147483647;
			files = (
				5FF665791DE5BB6D00DA71E8 /* Encodable.swift in Sources */,
				5FBDD2721DEDAAE400997739 /* CoordinatorProtocol.swift in Sources */,
				5FBDD2761DEDCA4300997739 /* CurrencyCoordinator.swift in Sources */,
				5F6B50511DE44820005052E3 /* Currency.swift in Sources */,
				5FBDD26A1DEDA8D400997739 /* AppCoordinator.swift in Sources */,
				5FA491B51DD63B5A0078BE41 /* DatabaseService.swift in Sources */,
				5F788DB81DDF0831005CCB1E /* PackageDatabaseService.swift in Sources */,
				5F6B50541DE44820005052E3 /* CurrencyTableViewController.swift in Sources */,
				5F9C94141DE5F83F00C05665 /* NetworkError.swift in Sources */,
				5FA4919D1DD63A7E0078BE41 /* AppDelegate.swift in Sources */,
				5F2DF5511DDCF33400AD667D /* HistoryTableViewCell.swift in Sources */,
				5F9C94161DE5F86000C05665 /* Types.swift in Sources */,
				5F6B50581DE44A0B005052E3 /* APIManager.swift in Sources */,
				5FBDD26E1DEDA90E00997739 /* ProductsListCoordinator.swift in Sources */,
				5FF665771DE5AA0E00DA71E8 /* Decodable.swift in Sources */,
				5FA491B81DD63B5A0078BE41 /* Purchase.swift in Sources */,
				5FBDD2701DEDA91D00997739 /* HistoryCoordinator.swift in Sources */,
				5F2DF5391DDA2EE600AD667D /* ProductsCart.swift in Sources */,
				5F2DF5311DD8B79800AD667D /* ProductCollectionViewCell.swift in Sources */,
				5F6B50531DE44820005052E3 /* CurrencyTableViewCell.swift in Sources */,
				5F6E0EFE1DF032AD001EA67C /* Storyboards.swift in Sources */,
				5F2DF5491DDCE1CF00AD667D /* CartViewController.swift in Sources */,
				5FA491B71DD63B5A0078BE41 /* Product.swift in Sources */,
				5FA491B41DD63B5A0078BE41 /* DatabaseManagable.swift in Sources */,
				5F2DF53D1DDBA19300AD667D /* Package.swift in Sources */,
				5F2DF5331DD8B79800AD667D /* ProductsCollectionViewController.swift in Sources */,
				5F2DF5371DD9C80500AD667D /* CartTableViewCell.swift in Sources */,
				5F6B50521DE44820005052E3 /* CurrencyStorage.swift in Sources */,
				5FBDD2781DEDCA5300997739 /* CartCoordinator.swift in Sources */,
				5F2DF5571DDE1B2C00AD667D /* PurchaseHistory.swift in Sources */,
				5FA491B61DD63B5A0078BE41 /* Extension.swift in Sources */,
				5F2DF54F1DDCF32100AD667D /* HistoryTableViewController.swift in Sources */,
			);
			runOnlyForDeploymentPostprocessing = 0;
		};
/* End PBXSourcesBuildPhase section */

/* Begin PBXTargetDependency section */
		5F9C940B1DE5F1B900C05665 /* PBXTargetDependency */ = {
			isa = PBXTargetDependency;
			target = 5FA491981DD63A7E0078BE41 /* Pokupalshik */;
			targetProxy = 5F9C940A1DE5F1B900C05665 /* PBXContainerItemProxy */;
		};
/* End PBXTargetDependency section */

/* Begin PBXVariantGroup section */
		5FA491A51DD63A7E0078BE41 /* LaunchScreen.storyboard */ = {
			isa = PBXVariantGroup;
			children = (
				5FA491A61DD63A7E0078BE41 /* Base */,
			);
			name = LaunchScreen.storyboard;
			sourceTree = "<group>";
		};
/* End PBXVariantGroup section */

/* Begin XCBuildConfiguration section */
		5F9C940D1DE5F1B900C05665 /* Debug */ = {
			isa = XCBuildConfiguration;
			buildSettings = {
				BUNDLE_LOADER = "$(TEST_HOST)";
				CLANG_ENABLE_MODULES = YES;
				INFOPLIST_FILE = PokupalshikTests/Info.plist;
				LD_RUNPATH_SEARCH_PATHS = "$(inherited) @executable_path/Frameworks @loader_path/Frameworks";
				PRODUCT_BUNDLE_IDENTIFIER = dmitrievichR.PokupalshikTests;
				PRODUCT_NAME = "$(TARGET_NAME)";
				SWIFT_OPTIMIZATION_LEVEL = "-Onone";
				SWIFT_VERSION = 3.0;
				TEST_HOST = "$(BUILT_PRODUCTS_DIR)/Pokupalshik.app/Pokupalshik";
			};
			name = Debug;
		};
		5F9C940E1DE5F1B900C05665 /* Release */ = {
			isa = XCBuildConfiguration;
			buildSettings = {
				BUNDLE_LOADER = "$(TEST_HOST)";
				CLANG_ENABLE_MODULES = YES;
				INFOPLIST_FILE = PokupalshikTests/Info.plist;
				LD_RUNPATH_SEARCH_PATHS = "$(inherited) @executable_path/Frameworks @loader_path/Frameworks";
				PRODUCT_BUNDLE_IDENTIFIER = dmitrievichR.PokupalshikTests;
				PRODUCT_NAME = "$(TARGET_NAME)";
				SWIFT_VERSION = 3.0;
				TEST_HOST = "$(BUILT_PRODUCTS_DIR)/Pokupalshik.app/Pokupalshik";
			};
			name = Release;
		};
		5FA491A91DD63A7E0078BE41 /* Debug */ = {
			isa = XCBuildConfiguration;
			buildSettings = {
				ALWAYS_SEARCH_USER_PATHS = NO;
				CLANG_ANALYZER_NONNULL = YES;
				CLANG_CXX_LANGUAGE_STANDARD = "gnu++0x";
				CLANG_CXX_LIBRARY = "libc++";
				CLANG_ENABLE_MODULES = YES;
				CLANG_ENABLE_OBJC_ARC = YES;
				CLANG_WARN_BOOL_CONVERSION = YES;
				CLANG_WARN_CONSTANT_CONVERSION = YES;
				CLANG_WARN_DIRECT_OBJC_ISA_USAGE = YES_ERROR;
				CLANG_WARN_DOCUMENTATION_COMMENTS = YES;
				CLANG_WARN_EMPTY_BODY = YES;
				CLANG_WARN_ENUM_CONVERSION = YES;
				CLANG_WARN_INFINITE_RECURSION = YES;
				CLANG_WARN_INT_CONVERSION = YES;
				CLANG_WARN_OBJC_ROOT_CLASS = YES_ERROR;
				CLANG_WARN_SUSPICIOUS_MOVE = YES;
				CLANG_WARN_SUSPICIOUS_MOVES = YES;
				CLANG_WARN_UNREACHABLE_CODE = YES;
				CLANG_WARN__DUPLICATE_METHOD_MATCH = YES;
				"CODE_SIGN_IDENTITY[sdk=iphoneos*]" = "iPhone Developer";
				COPY_PHASE_STRIP = NO;
				DEBUG_INFORMATION_FORMAT = dwarf;
				ENABLE_STRICT_OBJC_MSGSEND = YES;
				ENABLE_TESTABILITY = YES;
				GCC_C_LANGUAGE_STANDARD = gnu99;
				GCC_DYNAMIC_NO_PIC = NO;
				GCC_NO_COMMON_BLOCKS = YES;
				GCC_OPTIMIZATION_LEVEL = 0;
				GCC_PREPROCESSOR_DEFINITIONS = (
					"DEBUG=1",
					"$(inherited)",
				);
				GCC_WARN_64_TO_32_BIT_CONVERSION = YES;
				GCC_WARN_ABOUT_RETURN_TYPE = YES_ERROR;
				GCC_WARN_UNDECLARED_SELECTOR = YES;
				GCC_WARN_UNINITIALIZED_AUTOS = YES_AGGRESSIVE;
				GCC_WARN_UNUSED_FUNCTION = YES;
				GCC_WARN_UNUSED_VARIABLE = YES;
				IPHONEOS_DEPLOYMENT_TARGET = 10.1;
				MTL_ENABLE_DEBUG_INFO = YES;
				ONLY_ACTIVE_ARCH = YES;
				SDKROOT = iphoneos;
				SWIFT_ACTIVE_COMPILATION_CONDITIONS = DEBUG;
				SWIFT_OPTIMIZATION_LEVEL = "-Onone";
			};
			name = Debug;
		};
		5FA491AA1DD63A7E0078BE41 /* Release */ = {
			isa = XCBuildConfiguration;
			buildSettings = {
				ALWAYS_SEARCH_USER_PATHS = NO;
				CLANG_ANALYZER_NONNULL = YES;
				CLANG_CXX_LANGUAGE_STANDARD = "gnu++0x";
				CLANG_CXX_LIBRARY = "libc++";
				CLANG_ENABLE_MODULES = YES;
				CLANG_ENABLE_OBJC_ARC = YES;
				CLANG_WARN_BOOL_CONVERSION = YES;
				CLANG_WARN_CONSTANT_CONVERSION = YES;
				CLANG_WARN_DIRECT_OBJC_ISA_USAGE = YES_ERROR;
				CLANG_WARN_DOCUMENTATION_COMMENTS = YES;
				CLANG_WARN_EMPTY_BODY = YES;
				CLANG_WARN_ENUM_CONVERSION = YES;
				CLANG_WARN_INFINITE_RECURSION = YES;
				CLANG_WARN_INT_CONVERSION = YES;
				CLANG_WARN_OBJC_ROOT_CLASS = YES_ERROR;
				CLANG_WARN_SUSPICIOUS_MOVE = YES;
				CLANG_WARN_SUSPICIOUS_MOVES = YES;
				CLANG_WARN_UNREACHABLE_CODE = YES;
				CLANG_WARN__DUPLICATE_METHOD_MATCH = YES;
				"CODE_SIGN_IDENTITY[sdk=iphoneos*]" = "iPhone Developer";
				COPY_PHASE_STRIP = NO;
				DEBUG_INFORMATION_FORMAT = "dwarf-with-dsym";
				ENABLE_NS_ASSERTIONS = NO;
				ENABLE_STRICT_OBJC_MSGSEND = YES;
				GCC_C_LANGUAGE_STANDARD = gnu99;
				GCC_NO_COMMON_BLOCKS = YES;
				GCC_WARN_64_TO_32_BIT_CONVERSION = YES;
				GCC_WARN_ABOUT_RETURN_TYPE = YES_ERROR;
				GCC_WARN_UNDECLARED_SELECTOR = YES;
				GCC_WARN_UNINITIALIZED_AUTOS = YES_AGGRESSIVE;
				GCC_WARN_UNUSED_FUNCTION = YES;
				GCC_WARN_UNUSED_VARIABLE = YES;
				IPHONEOS_DEPLOYMENT_TARGET = 10.1;
				MTL_ENABLE_DEBUG_INFO = NO;
				SDKROOT = iphoneos;
				SWIFT_OPTIMIZATION_LEVEL = "-Owholemodule";
				VALIDATE_PRODUCT = YES;
			};
			name = Release;
		};
		5FA491AC1DD63A7E0078BE41 /* Debug */ = {
			isa = XCBuildConfiguration;
			baseConfigurationReference = 8AF5C7A7C250FE13AB981FDE /* Pods-Pokupalshik.debug.xcconfig */;
			buildSettings = {
				ALWAYS_EMBED_SWIFT_STANDARD_LIBRARIES = YES;
				ASSETCATALOG_COMPILER_APPICON_NAME = AppIcon;
				CLANG_ENABLE_MODULES = YES;
				DEVELOPMENT_TEAM = 29286X6DM7;
				INFOPLIST_FILE = Pokupalshik/Info.plist;
				LD_RUNPATH_SEARCH_PATHS = "$(inherited) @executable_path/Frameworks";
				PRODUCT_BUNDLE_IDENTIFIER = dmitrievichR.Pokupalshik;
				PRODUCT_NAME = "$(TARGET_NAME)";
				SWIFT_OPTIMIZATION_LEVEL = "-Onone";
				SWIFT_VERSION = 3.0.1;
			};
			name = Debug;
		};
		5FA491AD1DD63A7E0078BE41 /* Release */ = {
			isa = XCBuildConfiguration;
			baseConfigurationReference = 68B41B561B184ABC4D929165 /* Pods-Pokupalshik.release.xcconfig */;
			buildSettings = {
				ALWAYS_EMBED_SWIFT_STANDARD_LIBRARIES = YES;
				ASSETCATALOG_COMPILER_APPICON_NAME = AppIcon;
				CLANG_ENABLE_MODULES = YES;
				DEVELOPMENT_TEAM = 29286X6DM7;
				INFOPLIST_FILE = Pokupalshik/Info.plist;
				LD_RUNPATH_SEARCH_PATHS = "$(inherited) @executable_path/Frameworks";
				PRODUCT_BUNDLE_IDENTIFIER = dmitrievichR.Pokupalshik;
				PRODUCT_NAME = "$(TARGET_NAME)";
				SWIFT_VERSION = 3.0.1;
			};
			name = Release;
		};
/* End XCBuildConfiguration section */

/* Begin XCConfigurationList section */
		5F9C940C1DE5F1B900C05665 /* Build configuration list for PBXNativeTarget "PokupalshikTests" */ = {
			isa = XCConfigurationList;
			buildConfigurations = (
				5F9C940D1DE5F1B900C05665 /* Debug */,
				5F9C940E1DE5F1B900C05665 /* Release */,
			);
			defaultConfigurationIsVisible = 0;
			defaultConfigurationName = Release;
		};
		5FA491941DD63A7E0078BE41 /* Build configuration list for PBXProject "Pokupalshik" */ = {
			isa = XCConfigurationList;
			buildConfigurations = (
				5FA491A91DD63A7E0078BE41 /* Debug */,
				5FA491AA1DD63A7E0078BE41 /* Release */,
			);
			defaultConfigurationIsVisible = 0;
			defaultConfigurationName = Release;
		};
		5FA491AB1DD63A7E0078BE41 /* Build configuration list for PBXNativeTarget "Pokupalshik" */ = {
			isa = XCConfigurationList;
			buildConfigurations = (
				5FA491AC1DD63A7E0078BE41 /* Debug */,
				5FA491AD1DD63A7E0078BE41 /* Release */,
			);
			defaultConfigurationIsVisible = 0;
			defaultConfigurationName = Release;
		};
/* End XCConfigurationList section */
	};
	rootObject = 5FA491911DD63A7E0078BE41 /* Project object */;
}
